
Microsoft Visual Studio Solution File, Format Version 12.00
# Visual Studio Version 16
VisualStudioVersion = 16.0.32413.511
MinimumVisualStudioVersion = 10.0.40219.1
Project("{FAE04EC0-301F-11D3-BF4B-00C04F79EFBC}") = "EditorDeTexto", "EditorDeTexto.csproj", "{842947A1-9CBA-4807-8AFD-4957DDC2E373}"
EndProject
Global
	GlobalSection(SolutionConfigurationPlatforms) = preSolution
		Debug|Any CPU = Debug|Any CPU
		Release|Any CPU = Release|Any CPU
	EndGlobalSection
	GlobalSection(ProjectConfigurationPlatforms) = postSolution
		{842947A1-9CBA-4807-8AFD-4957DDC2E373}.Debug|Any CPU.ActiveCfg = Debug|Any CPU
		{842947A1-9CBA-4807-8AFD-4957DDC2E373}.Debug|Any CPU.Build.0 = Debug|Any CPU
		{842947A1-9CBA-4807-8AFD-4957DDC2E373}.Release|Any CPU.ActiveCfg = Release|Any CPU
		{842947A1-9CBA-4807-8AFD-4957DDC2E373}.Release|Any CPU.Build.0 = Release|Any CPU
	EndGlobalSection
	GlobalSection(SolutionProperties) = preSolution
		HideSolutionNode = FALSE
	EndGlobalSection
	GlobalSection(ExtensibilityGlobals) = postSolution
		SolutionGuid = {94DA46F0-C726-4298-A373-E644CA48704C}
	EndGlobalSection
EndGlobal
